
Microsoft Visual Studio Solution File, Format Version 12.00
# Visual Studio Version 16
VisualStudioVersion = 16.0.30804.86
MinimumVisualStudioVersion = 10.0.40219.1
Project("{8BC9CEB8-8B4A-11D0-8D11-00A0C91BC942}") = "NumberOfDaysProgram", "NumberOfDaysProgram\NumberOfDaysProgram.vcxproj", "{FEE55F1D-E72A-47B4-9BC7-8B732AA895DF}"
EndProject
Global
	GlobalSection(SolutionConfigurationPlatforms) = preSolution
		Debug|x64 = Debug|x64
		Debug|x86 = Debug|x86
		Release|x64 = Release|x64
		Release|x86 = Release|x86
	EndGlobalSection
	GlobalSection(ProjectConfigurationPlatforms) = postSolution
		{FEE55F1D-E72A-47B4-9BC7-8B732AA895DF}.Debug|x64.ActiveCfg = Debug|x64
		{FEE55F1D-E72A-47B4-9BC7-8B732AA895DF}.Debug|x64.Build.0 = Debug|x64
		{FEE55F1D-E72A-47B4-9BC7-8B732AA895DF}.Debug|x86.ActiveCfg = Debug|Win32
		{FEE55F1D-E72A-47B4-9BC7-8B732AA895DF}.Debug|x86.Build.0 = Debug|Win32
		{FEE55F1D-E72A-47B4-9BC7-8B732AA895DF}.Release|x64.ActiveCfg = Release|x64
		{FEE55F1D-E72A-47B4-9BC7-8B732AA895DF}.Release|x64.Build.0 = Release|x64
		{FEE55F1D-E72A-47B4-9BC7-8B732AA895DF}.Release|x86.ActiveCfg = Release|Win32
		{FEE55F1D-E72A-47B4-9BC7-8B732AA895DF}.Release|x86.Build.0 = Release|Win32
	EndGlobalSection
	GlobalSection(SolutionProperties) = preSolution
		HideSolutionNode = FALSE
	EndGlobalSection
	GlobalSection(ExtensibilityGlobals) = postSolution
		SolutionGuid = {E172CC80-4EA7-4291-ADB3-DC38321C7FC9}
	EndGlobalSection
EndGlobal
